
Microsoft Visual Studio Solution File, Format Version 12.00
# Visual Studio Version 16
VisualStudioVersion = 16.0.31229.75
MinimumVisualStudioVersion = 10.0.40219.1
Project("{FAE04EC0-301F-11D3-BF4B-00C04F79EFBC}") = "TesteVariavelConstante", "TesteVariavelConstante\TesteVariavelConstante.csproj", "{41AC418C-DB29-4B39-8E6F-F3DAB1162D4F}"
EndProject
Global
	GlobalSection(SolutionConfigurationPlatforms) = preSolution
		Debug|Any CPU = Debug|Any CPU
		Release|Any CPU = Release|Any CPU
	EndGlobalSection
	GlobalSection(ProjectConfigurationPlatforms) = postSolution
		{41AC418C-DB29-4B39-8E6F-F3DAB1162D4F}.Debug|Any CPU.ActiveCfg = Debug|Any CPU
		{41AC418C-DB29-4B39-8E6F-F3DAB1162D4F}.Debug|Any CPU.Build.0 = Debug|Any CPU
		{41AC418C-DB29-4B39-8E6F-F3DAB1162D4F}.Release|Any CPU.ActiveCfg = Release|Any CPU
		{41AC418C-DB29-4B39-8E6F-F3DAB1162D4F}.Release|Any CPU.Build.0 = Release|Any CPU
	EndGlobalSection
	GlobalSection(SolutionProperties) = preSolution
		HideSolutionNode = FALSE
	EndGlobalSection
	GlobalSection(ExtensibilityGlobals) = postSolution
		SolutionGuid = {62BC2D9F-B522-4385-B256-A422FA813D6B}
	EndGlobalSection
EndGlobal
